
Microsoft Visual Studio Solution File, Format Version 12.00
# Visual Studio Version 16
VisualStudioVersion = 16.0.28803.352
MinimumVisualStudioVersion = 10.0.40219.1
Project("{9A19103F-16F7-4668-BE54-9A1E7A4F7556}") = "spd-ess-portal", "spd-ess-portal.csproj", "{8FE0A3D0-B466-41E3-91A9-3AB6207C15E5}"
EndProject
Project("{2150E333-8FDC-42A3-9474-1A3956D46DE8}") = "interfaces", "interfaces", "{0584B916-A0B9-44B4-97D3-1E9DBF16220E}"
EndProject
Project("{9A19103F-16F7-4668-BE54-9A1E7A4F7556}") = "DynamicsAutorest", "..\interfaces\Dynamics-Autorest\DynamicsAutorest.csproj", "{309D775B-CF5B-4194-9E63-3410A95D20F4}"
EndProject
Project("{9A19103F-16F7-4668-BE54-9A1E7A4F7556}") = "SharePoint", "..\interfaces\SharePoint\SharePoint.csproj", "{3D590927-F9C3-4729-8BFF-E092A1861DA5}"
EndProject
Global
	GlobalSection(SolutionConfigurationPlatforms) = preSolution
		Debug|Any CPU = Debug|Any CPU
		Release|Any CPU = Release|Any CPU
	EndGlobalSection
	GlobalSection(ProjectConfigurationPlatforms) = postSolution
		{8FE0A3D0-B466-41E3-91A9-3AB6207C15E5}.Debug|Any CPU.ActiveCfg = Debug|Any CPU
		{8FE0A3D0-B466-41E3-91A9-3AB6207C15E5}.Debug|Any CPU.Build.0 = Debug|Any CPU
		{8FE0A3D0-B466-41E3-91A9-3AB6207C15E5}.Release|Any CPU.ActiveCfg = Release|Any CPU
		{8FE0A3D0-B466-41E3-91A9-3AB6207C15E5}.Release|Any CPU.Build.0 = Release|Any CPU
		{309D775B-CF5B-4194-9E63-3410A95D20F4}.Debug|Any CPU.ActiveCfg = Debug|Any CPU
		{309D775B-CF5B-4194-9E63-3410A95D20F4}.Debug|Any CPU.Build.0 = Debug|Any CPU
		{309D775B-CF5B-4194-9E63-3410A95D20F4}.Release|Any CPU.ActiveCfg = Release|Any CPU
		{309D775B-CF5B-4194-9E63-3410A95D20F4}.Release|Any CPU.Build.0 = Release|Any CPU
		{3D590927-F9C3-4729-8BFF-E092A1861DA5}.Debug|Any CPU.ActiveCfg = Debug|Any CPU
		{3D590927-F9C3-4729-8BFF-E092A1861DA5}.Debug|Any CPU.Build.0 = Debug|Any CPU
		{3D590927-F9C3-4729-8BFF-E092A1861DA5}.Release|Any CPU.ActiveCfg = Release|Any CPU
		{3D590927-F9C3-4729-8BFF-E092A1861DA5}.Release|Any CPU.Build.0 = Release|Any CPU
	EndGlobalSection
	GlobalSection(SolutionProperties) = preSolution
		HideSolutionNode = FALSE
	EndGlobalSection
	GlobalSection(NestedProjects) = preSolution
		{309D775B-CF5B-4194-9E63-3410A95D20F4} = {0584B916-A0B9-44B4-97D3-1E9DBF16220E}
		{3D590927-F9C3-4729-8BFF-E092A1861DA5} = {0584B916-A0B9-44B4-97D3-1E9DBF16220E}
	EndGlobalSection
	GlobalSection(ExtensibilityGlobals) = postSolution
		SolutionGuid = {BF5C395A-DA58-4406-95D8-AAEBD4437D0A}
	EndGlobalSection
EndGlobal
