
Microsoft Visual Studio Solution File, Format Version 12.00
# Visual Studio Version 16
VisualStudioVersion = 16.0.29215.179
MinimumVisualStudioVersion = 10.0.40219.1
Project("{FAE04EC0-301F-11D3-BF4B-00C04F79EFBC}") = "DynamicsConnectionTest", "DynamicsConnectionTest.csproj", "{E4902B3B-09D5-4995-B0D0-CA6F475367F6}"
EndProject
Project("{9A19103F-16F7-4668-BE54-9A1E7A4F7556}") = "DynamicsAutorest", "..\..\Dynamics-Autorest\DynamicsAutorest.csproj", "{CA9B23F9-8748-4F24-9D10-E73FADF52EF2}"
EndProject
Project("{9A19103F-16F7-4668-BE54-9A1E7A4F7556}") = "SharePoint", "..\..\SharePoint\SharePoint.csproj", "{58FDDA48-7EA9-45F6-A19F-FE16DE3C5A47}"
EndProject
Global
	GlobalSection(SolutionConfigurationPlatforms) = preSolution
		Debug|Any CPU = Debug|Any CPU
		Release|Any CPU = Release|Any CPU
	EndGlobalSection
	GlobalSection(ProjectConfigurationPlatforms) = postSolution
		{E4902B3B-09D5-4995-B0D0-CA6F475367F6}.Debug|Any CPU.ActiveCfg = Debug|Any CPU
		{E4902B3B-09D5-4995-B0D0-CA6F475367F6}.Debug|Any CPU.Build.0 = Debug|Any CPU
		{E4902B3B-09D5-4995-B0D0-CA6F475367F6}.Release|Any CPU.ActiveCfg = Release|Any CPU
		{E4902B3B-09D5-4995-B0D0-CA6F475367F6}.Release|Any CPU.Build.0 = Release|Any CPU
		{CA9B23F9-8748-4F24-9D10-E73FADF52EF2}.Debug|Any CPU.ActiveCfg = Debug|Any CPU
		{CA9B23F9-8748-4F24-9D10-E73FADF52EF2}.Debug|Any CPU.Build.0 = Debug|Any CPU
		{CA9B23F9-8748-4F24-9D10-E73FADF52EF2}.Release|Any CPU.ActiveCfg = Release|Any CPU
		{CA9B23F9-8748-4F24-9D10-E73FADF52EF2}.Release|Any CPU.Build.0 = Release|Any CPU
		{58FDDA48-7EA9-45F6-A19F-FE16DE3C5A47}.Debug|Any CPU.ActiveCfg = Debug|Any CPU
		{58FDDA48-7EA9-45F6-A19F-FE16DE3C5A47}.Debug|Any CPU.Build.0 = Debug|Any CPU
		{58FDDA48-7EA9-45F6-A19F-FE16DE3C5A47}.Release|Any CPU.ActiveCfg = Release|Any CPU
		{58FDDA48-7EA9-45F6-A19F-FE16DE3C5A47}.Release|Any CPU.Build.0 = Release|Any CPU
	EndGlobalSection
	GlobalSection(SolutionProperties) = preSolution
		HideSolutionNode = FALSE
	EndGlobalSection
	GlobalSection(ExtensibilityGlobals) = postSolution
		SolutionGuid = {DF38FD4D-4F8A-47EE-8CE9-454C78718237}
	EndGlobalSection
EndGlobal
